
Microsoft Visual Studio Solution File, Format Version 12.00
Project("{FAE04EC0-301F-11D3-BF4B-00C04F79EFBC}") = "DocxStenography", "DocxStenography\DocxStenography.csproj", "{ABED6EEB-8479-4D02-85CB-416B7C9E8DD7}"
EndProject
Global
	GlobalSection(SolutionConfigurationPlatforms) = preSolution
		Debug|Any CPU = Debug|Any CPU
		Release|Any CPU = Release|Any CPU
	EndGlobalSection
	GlobalSection(ProjectConfigurationPlatforms) = postSolution
		{ABED6EEB-8479-4D02-85CB-416B7C9E8DD7}.Debug|Any CPU.ActiveCfg = Debug|Any CPU
		{ABED6EEB-8479-4D02-85CB-416B7C9E8DD7}.Debug|Any CPU.Build.0 = Debug|Any CPU
		{ABED6EEB-8479-4D02-85CB-416B7C9E8DD7}.Release|Any CPU.ActiveCfg = Release|Any CPU
		{ABED6EEB-8479-4D02-85CB-416B7C9E8DD7}.Release|Any CPU.Build.0 = Release|Any CPU
	EndGlobalSection
EndGlobal
